
Microsoft Visual Studio Solution File, Format Version 12.00
# Visual Studio Version 16
VisualStudioVersion = 16.0.30309.148
MinimumVisualStudioVersion = 10.0.40219.1
Project("{9A19103F-16F7-4668-BE54-9A1E7A4F7556}") = "Safecharge", "SafeCharge\Safecharge.csproj", "{A61063B8-03E4-4B4B-B0F4-9BF30C6DE9F0}"
EndProject
Project("{9A19103F-16F7-4668-BE54-9A1E7A4F7556}") = "Safecharge.Sample", "Safecharge.Sample\Safecharge.Sample.csproj", "{C3203E6B-DF5E-4312-B4DA-F719953416B0}"
EndProject
Project("{9A19103F-16F7-4668-BE54-9A1E7A4F7556}") = "Safecharge.Test.Core", "Safecharge.Test.Core\Safecharge.Test.Core.csproj", "{A01342A2-89E7-498F-80E2-4EB927997365}"
EndProject
Project("{FAE04EC0-301F-11D3-BF4B-00C04F79EFBC}") = "Safecharge.WebSample", "Safecharge.WebSample\Safecharge.WebSample.csproj", "{C264A628-9563-4E1B-AA75-6D62E07084F1}"
EndProject
Global
	GlobalSection(SolutionConfigurationPlatforms) = preSolution
		Debug|Any CPU = Debug|Any CPU
		Release|Any CPU = Release|Any CPU
	EndGlobalSection
	GlobalSection(ProjectConfigurationPlatforms) = postSolution
		{A61063B8-03E4-4B4B-B0F4-9BF30C6DE9F0}.Debug|Any CPU.ActiveCfg = Debug|Any CPU
		{A61063B8-03E4-4B4B-B0F4-9BF30C6DE9F0}.Debug|Any CPU.Build.0 = Debug|Any CPU
		{A61063B8-03E4-4B4B-B0F4-9BF30C6DE9F0}.Release|Any CPU.ActiveCfg = Release|Any CPU
		{A61063B8-03E4-4B4B-B0F4-9BF30C6DE9F0}.Release|Any CPU.Build.0 = Release|Any CPU
		{C3203E6B-DF5E-4312-B4DA-F719953416B0}.Debug|Any CPU.ActiveCfg = Debug|Any CPU
		{C3203E6B-DF5E-4312-B4DA-F719953416B0}.Debug|Any CPU.Build.0 = Debug|Any CPU
		{C3203E6B-DF5E-4312-B4DA-F719953416B0}.Release|Any CPU.ActiveCfg = Release|Any CPU
		{C3203E6B-DF5E-4312-B4DA-F719953416B0}.Release|Any CPU.Build.0 = Release|Any CPU
		{A01342A2-89E7-498F-80E2-4EB927997365}.Debug|Any CPU.ActiveCfg = Debug|Any CPU
		{A01342A2-89E7-498F-80E2-4EB927997365}.Debug|Any CPU.Build.0 = Debug|Any CPU
		{A01342A2-89E7-498F-80E2-4EB927997365}.Release|Any CPU.ActiveCfg = Release|Any CPU
		{A01342A2-89E7-498F-80E2-4EB927997365}.Release|Any CPU.Build.0 = Release|Any CPU
		{C264A628-9563-4E1B-AA75-6D62E07084F1}.Debug|Any CPU.ActiveCfg = Debug|Any CPU
		{C264A628-9563-4E1B-AA75-6D62E07084F1}.Debug|Any CPU.Build.0 = Debug|Any CPU
		{C264A628-9563-4E1B-AA75-6D62E07084F1}.Release|Any CPU.ActiveCfg = Release|Any CPU
		{C264A628-9563-4E1B-AA75-6D62E07084F1}.Release|Any CPU.Build.0 = Release|Any CPU
	EndGlobalSection
	GlobalSection(SolutionProperties) = preSolution
		HideSolutionNode = FALSE
	EndGlobalSection
	GlobalSection(ExtensibilityGlobals) = postSolution
		SolutionGuid = {9A4C823F-5A0C-4F99-BCBF-AB0DF6827FF8}
	EndGlobalSection
EndGlobal
